
Microsoft Visual Studio Solution File, Format Version 12.00
# Visual Studio Version 16
VisualStudioVersion = 16.0.30907.101
MinimumVisualStudioVersion = 10.0.40219.1
Project("{9A19103F-16F7-4668-BE54-9A1E7A4F7556}") = "DynamicSample", "DynamicSample\DynamicSample.csproj", "{63922FBB-45F5-4D04-8658-420249DB5348}"
EndProject
Project("{FAE04EC0-301F-11D3-BF4B-00C04F79EFBC}") = "webview", "webview\webview.csproj", "{7599BF29-19A0-41D4-A062-502E3CD43203}"
EndProject
Global
	GlobalSection(SolutionConfigurationPlatforms) = preSolution
		Debug|Any CPU = Debug|Any CPU
		Release|Any CPU = Release|Any CPU
	EndGlobalSection
	GlobalSection(ProjectConfigurationPlatforms) = postSolution
		{63922FBB-45F5-4D04-8658-420249DB5348}.Debug|Any CPU.ActiveCfg = Debug|Any CPU
		{63922FBB-45F5-4D04-8658-420249DB5348}.Debug|Any CPU.Build.0 = Debug|Any CPU
		{63922FBB-45F5-4D04-8658-420249DB5348}.Release|Any CPU.ActiveCfg = Release|Any CPU
		{63922FBB-45F5-4D04-8658-420249DB5348}.Release|Any CPU.Build.0 = Release|Any CPU
		{7599BF29-19A0-41D4-A062-502E3CD43203}.Debug|Any CPU.ActiveCfg = Debug|Any CPU
		{7599BF29-19A0-41D4-A062-502E3CD43203}.Debug|Any CPU.Build.0 = Debug|Any CPU
		{7599BF29-19A0-41D4-A062-502E3CD43203}.Release|Any CPU.ActiveCfg = Release|Any CPU
		{7599BF29-19A0-41D4-A062-502E3CD43203}.Release|Any CPU.Build.0 = Release|Any CPU
	EndGlobalSection
	GlobalSection(SolutionProperties) = preSolution
		HideSolutionNode = FALSE
	EndGlobalSection
	GlobalSection(ExtensibilityGlobals) = postSolution
		SolutionGuid = {DE739D9D-7C45-4970-ABF6-0F8C462EF409}
	EndGlobalSection
EndGlobal
